// !$*UTF8*$!
{
	archiveVersion = 1;
	classes = {
	};
	objectVersion = 46;
	objects = {

/* Begin PBXBuildFile section */
		8F26402117C7955900959E02 /* UIKit.framework in Frameworks */ = {isa = PBXBuildFile; fileRef = 8F26402017C7955900959E02 /* UIKit.framework */; };
		8F26402317C7955900959E02 /* Foundation.framework in Frameworks */ = {isa = PBXBuildFile; fileRef = 8F26402217C7955900959E02 /* Foundation.framework */; };
		8F26402517C7955900959E02 /* CoreGraphics.framework in Frameworks */ = {isa = PBXBuildFile; fileRef = 8F26402417C7955900959E02 /* CoreGraphics.framework */; };
		8F26402B17C7955900959E02 /* InfoPlist.strings in Resources */ = {isa = PBXBuildFile; fileRef = 8F26402917C7955900959E02 /* InfoPlist.strings */; };
		8F26402D17C7955900959E02 /* main.m in Sources */ = {isa = PBXBuildFile; fileRef = 8F26402C17C7955900959E02 /* main.m */; };
		8F26403117C7955900959E02 /* b4AppDelegate.m in Sources */ = {isa = PBXBuildFile; fileRef = 8F26403017C7955900959E02 /* b4AppDelegate.m */; };
		8F26403317C7955900959E02 /* Default.png in Resources */ = {isa = PBXBuildFile; fileRef = 8F26403217C7955900959E02 /* Default.png */; };
		8F26403517C7955900959E02 /* Default@2x.png in Resources */ = {isa = PBXBuildFile; fileRef = 8F26403417C7955900959E02 /* Default@2x.png */; };
		8F26403717C7955900959E02 /* Default-568h@2x.png in Resources */ = {isa = PBXBuildFile; fileRef = 8F26403617C7955900959E02 /* Default-568h@2x.png */; };
		8F26403A17C7955900959E02 /* MainStoryboard_iPhone.storyboard in Resources */ = {isa = PBXBuildFile; fileRef = 8F26403817C7955900959E02 /* MainStoryboard_iPhone.storyboard */; };
		8F26404017C7955900959E02 /* b4MainViewController.m in Sources */ = {isa = PBXBuildFile; fileRef = 8F26403F17C7955900959E02 /* b4MainViewController.m */; };
		8F26404317C7955900959E02 /* b4FlipsideViewController.m in Sources */ = {isa = PBXBuildFile; fileRef = 8F26404217C7955900959E02 /* b4FlipsideViewController.m */; };
		8F26406217C7C99800959E02 /* CoreLocation.framework in Frameworks */ = {isa = PBXBuildFile; fileRef = 8F26406117C7C99800959E02 /* CoreLocation.framework */; };
		8F26406417C7CDE300959E02 /* iAd.framework in Frameworks */ = {isa = PBXBuildFile; fileRef = 8F26406317C7CDE300959E02 /* iAd.framework */; };
		8F777BD417CBC7550062870D /* SenTestingKit.framework in Frameworks */ = {isa = PBXBuildFile; fileRef = 8F26404A17C7955900959E02 /* SenTestingKit.framework */; };
		8F777BD517CBC7550062870D /* UIKit.framework in Frameworks */ = {isa = PBXBuildFile; fileRef = 8F26402017C7955900959E02 /* UIKit.framework */; };
		8F777BD617CBC7550062870D /* Foundation.framework in Frameworks */ = {isa = PBXBuildFile; fileRef = 8F26402217C7955900959E02 /* Foundation.framework */; };
		8F777BDC17CBC7550062870D /* InfoPlist.strings in Resources */ = {isa = PBXBuildFile; fileRef = 8F777BDA17CBC7550062870D /* InfoPlist.strings */; };
		8F777BDF17CBC7550062870D /* hilfeApplicationTests.m in Sources */ = {isa = PBXBuildFile; fileRef = 8F777BDE17CBC7550062870D /* hilfeApplicationTests.m */; };
		8FF50CA117C8B56700667E56 /* JSONModel.m in Sources */ = {isa = PBXBuildFile; fileRef = 8FF50C8A17C8B56700667E56 /* JSONModel.m */; };
		8FF50CA217C8B56700667E56 /* JSONModelArray.m in Sources */ = {isa = PBXBuildFile; fileRef = 8FF50C8C17C8B56700667E56 /* JSONModelArray.m */; };
		8FF50CA317C8B56700667E56 /* JSONModelClassProperty.m in Sources */ = {isa = PBXBuildFile; fileRef = 8FF50C8E17C8B56700667E56 /* JSONModelClassProperty.m */; };
		8FF50CA417C8B56700667E56 /* JSONModelError.m in Sources */ = {isa = PBXBuildFile; fileRef = 8FF50C9017C8B56700667E56 /* JSONModelError.m */; };
		8FF50CA517C8B56700667E56 /* NSArray+JSONModel.m in Sources */ = {isa = PBXBuildFile; fileRef = 8FF50C9317C8B56700667E56 /* NSArray+JSONModel.m */; };
		8FF50CA617C8B56700667E56 /* JSONAPI.m in Sources */ = {isa = PBXBuildFile; fileRef = 8FF50C9717C8B56700667E56 /* JSONAPI.m */; };
		8FF50CA717C8B56700667E56 /* JSONHTTPClient.m in Sources */ = {isa = PBXBuildFile; fileRef = 8FF50C9917C8B56700667E56 /* JSONHTTPClient.m */; };
		8FF50CA817C8B56700667E56 /* JSONModel+networking.m in Sources */ = {isa = PBXBuildFile; fileRef = 8FF50C9B17C8B56700667E56 /* JSONModel+networking.m */; };
		8FF50CA917C8B56700667E56 /* JSONKeyMapper.m in Sources */ = {isa = PBXBuildFile; fileRef = 8FF50C9E17C8B56700667E56 /* JSONKeyMapper.m */; };
		8FF50CAA17C8B56700667E56 /* JSONValueTransformer.m in Sources */ = {isa = PBXBuildFile; fileRef = 8FF50CA017C8B56700667E56 /* JSONValueTransformer.m */; };
		8FF50CAD17C8B6D500667E56 /* b4Location.m in Sources */ = {isa = PBXBuildFile; fileRef = 8FF50CAC17C8B6D500667E56 /* b4Location.m */; };
/* End PBXBuildFile section */

/* Begin PBXFileReference section */
		8F26401D17C7955900959E02 /* hilfe.app */ = {isa = PBXFileReference; explicitFileType = wrapper.application; includeInIndex = 0; path = hilfe.app; sourceTree = BUILT_PRODUCTS_DIR; };
		8F26402017C7955900959E02 /* UIKit.framework */ = {isa = PBXFileReference; lastKnownFileType = wrapper.framework; name = UIKit.framework; path = System/Library/Frameworks/UIKit.framework; sourceTree = SDKROOT; };
		8F26402217C7955900959E02 /* Foundation.framework */ = {isa = PBXFileReference; lastKnownFileType = wrapper.framework; name = Foundation.framework; path = System/Library/Frameworks/Foundation.framework; sourceTree = SDKROOT; };
		8F26402417C7955900959E02 /* CoreGraphics.framework */ = {isa = PBXFileReference; lastKnownFileType = wrapper.framework; name = CoreGraphics.framework; path = System/Library/Frameworks/CoreGraphics.framework; sourceTree = SDKROOT; };
		8F26402817C7955900959E02 /* hilfe-Info.plist */ = {isa = PBXFileReference; lastKnownFileType = text.plist.xml; path = "hilfe-Info.plist"; sourceTree = "<group>"; };
		8F26402A17C7955900959E02 /* en */ = {isa = PBXFileReference; lastKnownFileType = text.plist.strings; name = en; path = en.lproj/InfoPlist.strings; sourceTree = "<group>"; };
		8F26402C17C7955900959E02 /* main.m */ = {isa = PBXFileReference; lastKnownFileType = sourcecode.c.objc; path = main.m; sourceTree = "<group>"; };
		8F26402E17C7955900959E02 /* hilfe-Prefix.pch */ = {isa = PBXFileReference; lastKnownFileType = sourcecode.c.h; path = "hilfe-Prefix.pch"; sourceTree = "<group>"; };
		8F26402F17C7955900959E02 /* b4AppDelegate.h */ = {isa = PBXFileReference; lastKnownFileType = sourcecode.c.h; path = b4AppDelegate.h; sourceTree = "<group>"; };
		8F26403017C7955900959E02 /* b4AppDelegate.m */ = {isa = PBXFileReference; lastKnownFileType = sourcecode.c.objc; path = b4AppDelegate.m; sourceTree = "<group>"; };
		8F26403217C7955900959E02 /* Default.png */ = {isa = PBXFileReference; lastKnownFileType = image.png; path = Default.png; sourceTree = "<group>"; };
		8F26403417C7955900959E02 /* Default@2x.png */ = {isa = PBXFileReference; lastKnownFileType = image.png; path = "Default@2x.png"; sourceTree = "<group>"; };
		8F26403617C7955900959E02 /* Default-568h@2x.png */ = {isa = PBXFileReference; lastKnownFileType = image.png; path = "Default-568h@2x.png"; sourceTree = "<group>"; };
		8F26403917C7955900959E02 /* en */ = {isa = PBXFileReference; lastKnownFileType = file.storyboard; name = en; path = en.lproj/MainStoryboard_iPhone.storyboard; sourceTree = "<group>"; };
		8F26403E17C7955900959E02 /* b4MainViewController.h */ = {isa = PBXFileReference; lastKnownFileType = sourcecode.c.h; path = b4MainViewController.h; sourceTree = "<group>"; };
		8F26403F17C7955900959E02 /* b4MainViewController.m */ = {isa = PBXFileReference; lastKnownFileType = sourcecode.c.objc; path = b4MainViewController.m; sourceTree = "<group>"; };
		8F26404117C7955900959E02 /* b4FlipsideViewController.h */ = {isa = PBXFileReference; lastKnownFileType = sourcecode.c.h; path = b4FlipsideViewController.h; sourceTree = "<group>"; };
		8F26404217C7955900959E02 /* b4FlipsideViewController.m */ = {isa = PBXFileReference; lastKnownFileType = sourcecode.c.objc; path = b4FlipsideViewController.m; sourceTree = "<group>"; };
		8F26404A17C7955900959E02 /* SenTestingKit.framework */ = {isa = PBXFileReference; lastKnownFileType = wrapper.framework; name = SenTestingKit.framework; path = Library/Frameworks/SenTestingKit.framework; sourceTree = DEVELOPER_DIR; };
		8F26406117C7C99800959E02 /* CoreLocation.framework */ = {isa = PBXFileReference; lastKnownFileType = wrapper.framework; name = CoreLocation.framework; path = System/Library/Frameworks/CoreLocation.framework; sourceTree = SDKROOT; };
		8F26406317C7CDE300959E02 /* iAd.framework */ = {isa = PBXFileReference; lastKnownFileType = wrapper.framework; name = iAd.framework; path = System/Library/Frameworks/iAd.framework; sourceTree = SDKROOT; };
		8F26406517C7D7DC00959E02 /* de */ = {isa = PBXFileReference; lastKnownFileType = file.storyboard; name = de; path = de.lproj/MainStoryboard_iPhone.storyboard; sourceTree = "<group>"; };
		8F26406617C7D7DC00959E02 /* de */ = {isa = PBXFileReference; lastKnownFileType = text.plist.strings; name = de; path = de.lproj/InfoPlist.strings; sourceTree = "<group>"; };
		8F777BD317CBC7550062870D /* hilfeApplicationTests.octest */ = {isa = PBXFileReference; explicitFileType = wrapper.cfbundle; includeInIndex = 0; path = hilfeApplicationTests.octest; sourceTree = BUILT_PRODUCTS_DIR; };
		8F777BD917CBC7550062870D /* hilfeApplicationTests-Info.plist */ = {isa = PBXFileReference; lastKnownFileType = text.plist.xml; path = "hilfeApplicationTests-Info.plist"; sourceTree = "<group>"; };
		8F777BDB17CBC7550062870D /* en */ = {isa = PBXFileReference; lastKnownFileType = text.plist.strings; name = en; path = en.lproj/InfoPlist.strings; sourceTree = "<group>"; };
		8F777BDD17CBC7550062870D /* hilfeApplicationTests.h */ = {isa = PBXFileReference; lastKnownFileType = sourcecode.c.h; path = hilfeApplicationTests.h; sourceTree = "<group>"; };
		8F777BDE17CBC7550062870D /* hilfeApplicationTests.m */ = {isa = PBXFileReference; lastKnownFileType = sourcecode.c.objc; path = hilfeApplicationTests.m; sourceTree = "<group>"; };
		8F777BE017CBC7550062870D /* hilfeApplicationTests-Prefix.pch */ = {isa = PBXFileReference; lastKnownFileType = sourcecode.c.h; path = "hilfeApplicationTests-Prefix.pch"; sourceTree = "<group>"; };
		8FF50C8917C8B56700667E56 /* JSONModel.h */ = {isa = PBXFileReference; fileEncoding = 4; lastKnownFileType = sourcecode.c.h; path = JSONModel.h; sourceTree = "<group>"; };
		8FF50C8A17C8B56700667E56 /* JSONModel.m */ = {isa = PBXFileReference; fileEncoding = 4; lastKnownFileType = sourcecode.c.objc; path = JSONModel.m; sourceTree = "<group>"; };
		8FF50C8B17C8B56700667E56 /* JSONModelArray.h */ = {isa = PBXFileReference; fileEncoding = 4; lastKnownFileType = sourcecode.c.h; path = JSONModelArray.h; sourceTree = "<group>"; };
		8FF50C8C17C8B56700667E56 /* JSONModelArray.m */ = {isa = PBXFileReference; fileEncoding = 4; lastKnownFileType = sourcecode.c.objc; path = JSONModelArray.m; sourceTree = "<group>"; };
		8FF50C8D17C8B56700667E56 /* JSONModelClassProperty.h */ = {isa = PBXFileReference; fileEncoding = 4; lastKnownFileType = sourcecode.c.h; path = JSONModelClassProperty.h; sourceTree = "<group>"; };
		8FF50C8E17C8B56700667E56 /* JSONModelClassProperty.m */ = {isa = PBXFileReference; fileEncoding = 4; lastKnownFileType = sourcecode.c.objc; path = JSONModelClassProperty.m; sourceTree = "<group>"; };
		8FF50C8F17C8B56700667E56 /* JSONModelError.h */ = {isa = PBXFileReference; fileEncoding = 4; lastKnownFileType = sourcecode.c.h; path = JSONModelError.h; sourceTree = "<group>"; };
		8FF50C9017C8B56700667E56 /* JSONModelError.m */ = {isa = PBXFileReference; fileEncoding = 4; lastKnownFileType = sourcecode.c.objc; path = JSONModelError.m; sourceTree = "<group>"; };
		8FF50C9217C8B56700667E56 /* NSArray+JSONModel.h */ = {isa = PBXFileReference; fileEncoding = 4; lastKnownFileType = sourcecode.c.h; path = "NSArray+JSONModel.h"; sourceTree = "<group>"; };
		8FF50C9317C8B56700667E56 /* NSArray+JSONModel.m */ = {isa = PBXFileReference; fileEncoding = 4; lastKnownFileType = sourcecode.c.objc; path = "NSArray+JSONModel.m"; sourceTree = "<group>"; };
		8FF50C9417C8B56700667E56 /* JSONModelLib.h */ = {isa = PBXFileReference; fileEncoding = 4; lastKnownFileType = sourcecode.c.h; path = JSONModelLib.h; sourceTree = "<group>"; };
		8FF50C9617C8B56700667E56 /* JSONAPI.h */ = {isa = PBXFileReference; fileEncoding = 4; lastKnownFileType = sourcecode.c.h; path = JSONAPI.h; sourceTree = "<group>"; };
		8FF50C9717C8B56700667E56 /* JSONAPI.m */ = {isa = PBXFileReference; fileEncoding = 4; lastKnownFileType = sourcecode.c.objc; path = JSONAPI.m; sourceTree = "<group>"; };
		8FF50C9817C8B56700667E56 /* JSONHTTPClient.h */ = {isa = PBXFileReference; fileEncoding = 4; lastKnownFileType = sourcecode.c.h; path = JSONHTTPClient.h; sourceTree = "<group>"; };
		8FF50C9917C8B56700667E56 /* JSONHTTPClient.m */ = {isa = PBXFileReference; fileEncoding = 4; lastKnownFileType = sourcecode.c.objc; path = JSONHTTPClient.m; sourceTree = "<group>"; };
		8FF50C9A17C8B56700667E56 /* JSONModel+networking.h */ = {isa = PBXFileReference; fileEncoding = 4; lastKnownFileType = sourcecode.c.h; path = "JSONModel+networking.h"; sourceTree = "<group>"; };
		8FF50C9B17C8B56700667E56 /* JSONModel+networking.m */ = {isa = PBXFileReference; fileEncoding = 4; lastKnownFileType = sourcecode.c.objc; path = "JSONModel+networking.m"; sourceTree = "<group>"; };
		8FF50C9D17C8B56700667E56 /* JSONKeyMapper.h */ = {isa = PBXFileReference; fileEncoding = 4; lastKnownFileType = sourcecode.c.h; path = JSONKeyMapper.h; sourceTree = "<group>"; };
		8FF50C9E17C8B56700667E56 /* JSONKeyMapper.m */ = {isa = PBXFileReference; fileEncoding = 4; lastKnownFileType = sourcecode.c.objc; path = JSONKeyMapper.m; sourceTree = "<group>"; };
		8FF50C9F17C8B56700667E56 /* JSONValueTransformer.h */ = {isa = PBXFileReference; fileEncoding = 4; lastKnownFileType = sourcecode.c.h; path = JSONValueTransformer.h; sourceTree = "<group>"; };
		8FF50CA017C8B56700667E56 /* JSONValueTransformer.m */ = {isa = PBXFileReference; fileEncoding = 4; lastKnownFileType = sourcecode.c.objc; path = JSONValueTransformer.m; sourceTree = "<group>"; };
		8FF50CAB17C8B6D500667E56 /* b4Location.h */ = {isa = PBXFileReference; fileEncoding = 4; lastKnownFileType = sourcecode.c.h; path = b4Location.h; sourceTree = "<group>"; };
		8FF50CAC17C8B6D500667E56 /* b4Location.m */ = {isa = PBXFileReference; fileEncoding = 4; lastKnownFileType = sourcecode.c.objc; path = b4Location.m; sourceTree = "<group>"; };
/* End PBXFileReference section */

/* Begin PBXFrameworksBuildPhase section */
		8F26401A17C7955900959E02 /* Frameworks */ = {
			isa = PBXFrameworksBuildPhase;
			buildActionMask = 2147483647;
			files = (
				8F26406417C7CDE300959E02 /* iAd.framework in Frameworks */,
				8F26406217C7C99800959E02 /* CoreLocation.framework in Frameworks */,
				8F26402117C7955900959E02 /* UIKit.framework in Frameworks */,
				8F26402317C7955900959E02 /* Foundation.framework in Frameworks */,
				8F26402517C7955900959E02 /* CoreGraphics.framework in Frameworks */,
			);
			runOnlyForDeploymentPostprocessing = 0;
		};
		8F777BCF17CBC7550062870D /* Frameworks */ = {
			isa = PBXFrameworksBuildPhase;
			buildActionMask = 2147483647;
			files = (
				8F777BD417CBC7550062870D /* SenTestingKit.framework in Frameworks */,
				8F777BD517CBC7550062870D /* UIKit.framework in Frameworks */,
				8F777BD617CBC7550062870D /* Foundation.framework in Frameworks */,
			);
			runOnlyForDeploymentPostprocessing = 0;
		};
/* End PBXFrameworksBuildPhase section */

/* Begin PBXGroup section */
		8F26401417C7955800959E02 = {
			isa = PBXGroup;
			children = (
				8F26402617C7955900959E02 /* hilfe */,
				8F777BD717CBC7550062870D /* hilfeApplicationTests */,
				8F26401F17C7955900959E02 /* Frameworks */,
				8F26401E17C7955900959E02 /* Products */,
			);
			indentWidth = 3;
			sourceTree = "<group>";
			tabWidth = 3;
		};
		8F26401E17C7955900959E02 /* Products */ = {
			isa = PBXGroup;
			children = (
				8F26401D17C7955900959E02 /* hilfe.app */,
				8F777BD317CBC7550062870D /* hilfeApplicationTests.octest */,
			);
			name = Products;
			sourceTree = "<group>";
		};
		8F26401F17C7955900959E02 /* Frameworks */ = {
			isa = PBXGroup;
			children = (
				8F26406317C7CDE300959E02 /* iAd.framework */,
				8F26402017C7955900959E02 /* UIKit.framework */,
				8F26402217C7955900959E02 /* Foundation.framework */,
				8F26402417C7955900959E02 /* CoreGraphics.framework */,
				8F26404A17C7955900959E02 /* SenTestingKit.framework */,
				8F26406117C7C99800959E02 /* CoreLocation.framework */,
			);
			name = Frameworks;
			sourceTree = "<group>";
		};
		8F26402617C7955900959E02 /* hilfe */ = {
			isa = PBXGroup;
			children = (
				8FF50C8717C8B56700667E56 /* JSONModel */,
				8F26402F17C7955900959E02 /* b4AppDelegate.h */,
				8F26403017C7955900959E02 /* b4AppDelegate.m */,
				8F26403817C7955900959E02 /* MainStoryboard_iPhone.storyboard */,
				8F26403E17C7955900959E02 /* b4MainViewController.h */,
				8F26403F17C7955900959E02 /* b4MainViewController.m */,
				8F26404117C7955900959E02 /* b4FlipsideViewController.h */,
				8F26404217C7955900959E02 /* b4FlipsideViewController.m */,
				8F26402717C7955900959E02 /* Supporting Files */,
				8FF50CAB17C8B6D500667E56 /* b4Location.h */,
				8FF50CAC17C8B6D500667E56 /* b4Location.m */,
			);
			path = hilfe;
			sourceTree = "<group>";
		};
		8F26402717C7955900959E02 /* Supporting Files */ = {
			isa = PBXGroup;
			children = (
				8F26402817C7955900959E02 /* hilfe-Info.plist */,
				8F26402917C7955900959E02 /* InfoPlist.strings */,
				8F26402C17C7955900959E02 /* main.m */,
				8F26402E17C7955900959E02 /* hilfe-Prefix.pch */,
				8F26403217C7955900959E02 /* Default.png */,
				8F26403417C7955900959E02 /* Default@2x.png */,
				8F26403617C7955900959E02 /* Default-568h@2x.png */,
			);
			name = "Supporting Files";
			sourceTree = "<group>";
		};
		8F777BD717CBC7550062870D /* hilfeApplicationTests */ = {
			isa = PBXGroup;
			children = (
				8F777BDD17CBC7550062870D /* hilfeApplicationTests.h */,
				8F777BDE17CBC7550062870D /* hilfeApplicationTests.m */,
				8F777BD817CBC7550062870D /* Supporting Files */,
			);
			path = hilfeApplicationTests;
			sourceTree = "<group>";
		};
		8F777BD817CBC7550062870D /* Supporting Files */ = {
			isa = PBXGroup;
			children = (
				8F777BD917CBC7550062870D /* hilfeApplicationTests-Info.plist */,
				8F777BDA17CBC7550062870D /* InfoPlist.strings */,
				8F777BE017CBC7550062870D /* hilfeApplicationTests-Prefix.pch */,
			);
			name = "Supporting Files";
			sourceTree = "<group>";
		};
		8FF50C8717C8B56700667E56 /* JSONModel */ = {
			isa = PBXGroup;
			children = (
				8FF50C8817C8B56700667E56 /* JSONModel */,
				8FF50C9117C8B56700667E56 /* JSONModelCategories */,
				8FF50C9417C8B56700667E56 /* JSONModelLib.h */,
				8FF50C9517C8B56700667E56 /* JSONModelNetworking */,
				8FF50C9C17C8B56700667E56 /* JSONModelTransformations */,
			);
			path = JSONModel;
			sourceTree = "<group>";
		};
		8FF50C8817C8B56700667E56 /* JSONModel */ = {
			isa = PBXGroup;
			children = (
				8FF50C8917C8B56700667E56 /* JSONModel.h */,
				8FF50C8A17C8B56700667E56 /* JSONModel.m */,
				8FF50C8B17C8B56700667E56 /* JSONModelArray.h */,
				8FF50C8C17C8B56700667E56 /* JSONModelArray.m */,
				8FF50C8D17C8B56700667E56 /* JSONModelClassProperty.h */,
				8FF50C8E17C8B56700667E56 /* JSONModelClassProperty.m */,
				8FF50C8F17C8B56700667E56 /* JSONModelError.h */,
				8FF50C9017C8B56700667E56 /* JSONModelError.m */,
			);
			path = JSONModel;
			sourceTree = "<group>";
		};
		8FF50C9117C8B56700667E56 /* JSONModelCategories */ = {
			isa = PBXGroup;
			children = (
				8FF50C9217C8B56700667E56 /* NSArray+JSONModel.h */,
				8FF50C9317C8B56700667E56 /* NSArray+JSONModel.m */,
			);
			path = JSONModelCategories;
			sourceTree = "<group>";
		};
		8FF50C9517C8B56700667E56 /* JSONModelNetworking */ = {
			isa = PBXGroup;
			children = (
				8FF50C9617C8B56700667E56 /* JSONAPI.h */,
				8FF50C9717C8B56700667E56 /* JSONAPI.m */,
				8FF50C9817C8B56700667E56 /* JSONHTTPClient.h */,
				8FF50C9917C8B56700667E56 /* JSONHTTPClient.m */,
				8FF50C9A17C8B56700667E56 /* JSONModel+networking.h */,
				8FF50C9B17C8B56700667E56 /* JSONModel+networking.m */,
			);
			path = JSONModelNetworking;
			sourceTree = "<group>";
		};
		8FF50C9C17C8B56700667E56 /* JSONModelTransformations */ = {
			isa = PBXGroup;
			children = (
				8FF50C9D17C8B56700667E56 /* JSONKeyMapper.h */,
				8FF50C9E17C8B56700667E56 /* JSONKeyMapper.m */,
				8FF50C9F17C8B56700667E56 /* JSONValueTransformer.h */,
				8FF50CA017C8B56700667E56 /* JSONValueTransformer.m */,
			);
			path = JSONModelTransformations;
			sourceTree = "<group>";
		};
/* End PBXGroup section */

/* Begin PBXNativeTarget section */
		8F26401C17C7955900959E02 /* hilfe */ = {
			isa = PBXNativeTarget;
			buildConfigurationList = 8F26405B17C7955900959E02 /* Build configuration list for PBXNativeTarget "hilfe" */;
			buildPhases = (
				8F26401917C7955900959E02 /* Sources */,
				8F26401A17C7955900959E02 /* Frameworks */,
				8F26401B17C7955900959E02 /* Resources */,
			);
			buildRules = (
			);
			dependencies = (
			);
			name = hilfe;
			productName = hilfe;
			productReference = 8F26401D17C7955900959E02 /* hilfe.app */;
			productType = "com.apple.product-type.application";
		};
		8F777BD217CBC7550062870D /* hilfeApplicationTests */ = {
			isa = PBXNativeTarget;
			buildConfigurationList = 8F777BE317CBC7550062870D /* Build configuration list for PBXNativeTarget "hilfeApplicationTests" */;
			buildPhases = (
				8F777BCE17CBC7550062870D /* Sources */,
				8F777BCF17CBC7550062870D /* Frameworks */,
				8F777BD017CBC7550062870D /* Resources */,
				8F777BD117CBC7550062870D /* ShellScript */,
			);
			buildRules = (
			);
			dependencies = (
			);
			name = hilfeApplicationTests;
			productName = hilfeApplicationTests;
			productReference = 8F777BD317CBC7550062870D /* hilfeApplicationTests.octest */;
			productType = "com.apple.product-type.bundle";
		};
/* End PBXNativeTarget section */

/* Begin PBXProject section */
		8F26401517C7955800959E02 /* Project object */ = {
			isa = PBXProject;
			attributes = {
				CLASSPREFIX = b4;
				LastUpgradeCheck = 0460;
				ORGANIZATIONNAME = "#B4mad.Net";
			};
			buildConfigurationList = 8F26401817C7955800959E02 /* Build configuration list for PBXProject "hilfe" */;
			compatibilityVersion = "Xcode 3.2";
			developmentRegion = English;
			hasScannedForEncodings = 0;
			knownRegions = (
				en,
				de,
			);
			mainGroup = 8F26401417C7955800959E02;
			productRefGroup = 8F26401E17C7955900959E02 /* Products */;
			projectDirPath = "";
			projectRoot = "";
			targets = (
				8F26401C17C7955900959E02 /* hilfe */,
				8F777BD217CBC7550062870D /* hilfeApplicationTests */,
			);
		};
/* End PBXProject section */

/* Begin PBXResourcesBuildPhase section */
		8F26401B17C7955900959E02 /* Resources */ = {
			isa = PBXResourcesBuildPhase;
			buildActionMask = 2147483647;
			files = (
				8F26402B17C7955900959E02 /* InfoPlist.strings in Resources */,
				8F26403317C7955900959E02 /* Default.png in Resources */,
				8F26403517C7955900959E02 /* Default@2x.png in Resources */,
				8F26403717C7955900959E02 /* Default-568h@2x.png in Resources */,
				8F26403A17C7955900959E02 /* MainStoryboard_iPhone.storyboard in Resources */,
			);
			runOnlyForDeploymentPostprocessing = 0;
		};
		8F777BD017CBC7550062870D /* Resources */ = {
			isa = PBXResourcesBuildPhase;
			buildActionMask = 2147483647;
			files = (
				8F777BDC17CBC7550062870D /* InfoPlist.strings in Resources */,
			);
			runOnlyForDeploymentPostprocessing = 0;
		};
/* End PBXResourcesBuildPhase section */

/* Begin PBXShellScriptBuildPhase section */
		8F777BD117CBC7550062870D /* ShellScript */ = {
			isa = PBXShellScriptBuildPhase;
			buildActionMask = 2147483647;
			files = (
			);
			inputPaths = (
			);
			outputPaths = (
			);
			runOnlyForDeploymentPostprocessing = 0;
			shellPath = /bin/sh;
			shellScript = "# Run the unit tests in this test bundle.\n\"${SYSTEM_DEVELOPER_DIR}/Tools/RunUnitTests\"\n";
		};
/* End PBXShellScriptBuildPhase section */

/* Begin PBXSourcesBuildPhase section */
		8F26401917C7955900959E02 /* Sources */ = {
			isa = PBXSourcesBuildPhase;
			buildActionMask = 2147483647;
			files = (
				8F26402D17C7955900959E02 /* main.m in Sources */,
				8F26403117C7955900959E02 /* b4AppDelegate.m in Sources */,
				8F26404017C7955900959E02 /* b4MainViewController.m in Sources */,
				8F26404317C7955900959E02 /* b4FlipsideViewController.m in Sources */,
				8FF50CA117C8B56700667E56 /* JSONModel.m in Sources */,
				8FF50CA217C8B56700667E56 /* JSONModelArray.m in Sources */,
				8FF50CA317C8B56700667E56 /* JSONModelClassProperty.m in Sources */,
				8FF50CA417C8B56700667E56 /* JSONModelError.m in Sources */,
				8FF50CA517C8B56700667E56 /* NSArray+JSONModel.m in Sources */,
				8FF50CA617C8B56700667E56 /* JSONAPI.m in Sources */,
				8FF50CA717C8B56700667E56 /* JSONHTTPClient.m in Sources */,
				8FF50CA817C8B56700667E56 /* JSONModel+networking.m in Sources */,
				8FF50CA917C8B56700667E56 /* JSONKeyMapper.m in Sources */,
				8FF50CAA17C8B56700667E56 /* JSONValueTransformer.m in Sources */,
				8FF50CAD17C8B6D500667E56 /* b4Location.m in Sources */,
			);
			runOnlyForDeploymentPostprocessing = 0;
		};
		8F777BCE17CBC7550062870D /* Sources */ = {
			isa = PBXSourcesBuildPhase;
			buildActionMask = 2147483647;
			files = (
				8F777BDF17CBC7550062870D /* hilfeApplicationTests.m in Sources */,
			);
			runOnlyForDeploymentPostprocessing = 0;
		};
/* End PBXSourcesBuildPhase section */

/* Begin PBXVariantGroup section */
		8F26402917C7955900959E02 /* InfoPlist.strings */ = {
			isa = PBXVariantGroup;
			children = (
				8F26402A17C7955900959E02 /* en */,
				8F26406617C7D7DC00959E02 /* de */,
			);
			name = InfoPlist.strings;
			sourceTree = "<group>";
		};
		8F26403817C7955900959E02 /* MainStoryboard_iPhone.storyboard */ = {
			isa = PBXVariantGroup;
			children = (
				8F26403917C7955900959E02 /* en */,
				8F26406517C7D7DC00959E02 /* de */,
			);
			name = MainStoryboard_iPhone.storyboard;
			sourceTree = "<group>";
		};
		8F777BDA17CBC7550062870D /* InfoPlist.strings */ = {
			isa = PBXVariantGroup;
			children = (
				8F777BDB17CBC7550062870D /* en */,
			);
			name = InfoPlist.strings;
			sourceTree = "<group>";
		};
/* End PBXVariantGroup section */

/* Begin XCBuildConfiguration section */
		8F26405917C7955900959E02 /* Debug */ = {
			isa = XCBuildConfiguration;
			buildSettings = {
				ALWAYS_SEARCH_USER_PATHS = NO;
				CLANG_CXX_LANGUAGE_STANDARD = "gnu++0x";
				CLANG_CXX_LIBRARY = "libc++";
				CLANG_ENABLE_OBJC_ARC = YES;
				CLANG_WARN_CONSTANT_CONVERSION = YES;
				CLANG_WARN_EMPTY_BODY = YES;
				CLANG_WARN_ENUM_CONVERSION = YES;
				CLANG_WARN_INT_CONVERSION = YES;
				CLANG_WARN__DUPLICATE_METHOD_MATCH = YES;
				"CODE_SIGN_IDENTITY[sdk=iphoneos*]" = "iPhone Developer";
				COPY_PHASE_STRIP = NO;
				GCC_C_LANGUAGE_STANDARD = gnu99;
				GCC_DYNAMIC_NO_PIC = NO;
				GCC_OPTIMIZATION_LEVEL = 0;
				GCC_PREPROCESSOR_DEFINITIONS = (
					"DEBUG=1",
					"$(inherited)",
				);
				GCC_SYMBOLS_PRIVATE_EXTERN = NO;
				GCC_WARN_ABOUT_RETURN_TYPE = YES;
				GCC_WARN_UNINITIALIZED_AUTOS = YES;
				GCC_WARN_UNUSED_VARIABLE = YES;
				IPHONEOS_DEPLOYMENT_TARGET = 6.1;
				ONLY_ACTIVE_ARCH = YES;
				SDKROOT = iphoneos;
				TARGETED_DEVICE_FAMILY = "1,2";
			};
			name = Debug;
		};
		8F26405A17C7955900959E02 /* Release */ = {
			isa = XCBuildConfiguration;
			buildSettings = {
				ALWAYS_SEARCH_USER_PATHS = NO;
				CLANG_CXX_LANGUAGE_STANDARD = "gnu++0x";
				CLANG_CXX_LIBRARY = "libc++";
				CLANG_ENABLE_OBJC_ARC = YES;
				CLANG_WARN_CONSTANT_CONVERSION = YES;
				CLANG_WARN_EMPTY_BODY = YES;
				CLANG_WARN_ENUM_CONVERSION = YES;
				CLANG_WARN_INT_CONVERSION = YES;
				CLANG_WARN__DUPLICATE_METHOD_MATCH = YES;
				"CODE_SIGN_IDENTITY[sdk=iphoneos*]" = "iPhone Developer";
				COPY_PHASE_STRIP = YES;
				GCC_C_LANGUAGE_STANDARD = gnu99;
				GCC_WARN_ABOUT_RETURN_TYPE = YES;
				GCC_WARN_UNINITIALIZED_AUTOS = YES;
				GCC_WARN_UNUSED_VARIABLE = YES;
				IPHONEOS_DEPLOYMENT_TARGET = 6.1;
				OTHER_CFLAGS = "-DNS_BLOCK_ASSERTIONS=1";
				SDKROOT = iphoneos;
				TARGETED_DEVICE_FAMILY = "1,2";
				VALIDATE_PRODUCT = YES;
			};
			name = Release;
		};
		8F26405C17C7955900959E02 /* Debug */ = {
			isa = XCBuildConfiguration;
			buildSettings = {
				GCC_PRECOMPILE_PREFIX_HEADER = YES;
				GCC_PREFIX_HEADER = "hilfe/hilfe-Prefix.pch";
				INFOPLIST_FILE = "hilfe/hilfe-Info.plist";
				IPHONEOS_DEPLOYMENT_TARGET = 6.0;
				PRODUCT_NAME = "$(TARGET_NAME)";
				TARGETED_DEVICE_FAMILY = 1;
				WRAPPER_EXTENSION = app;
			};
			name = Debug;
		};
		8F26405D17C7955900959E02 /* Release */ = {
			isa = XCBuildConfiguration;
			buildSettings = {
				GCC_PRECOMPILE_PREFIX_HEADER = YES;
				GCC_PREFIX_HEADER = "hilfe/hilfe-Prefix.pch";
				INFOPLIST_FILE = "hilfe/hilfe-Info.plist";
				IPHONEOS_DEPLOYMENT_TARGET = 6.0;
				PRODUCT_NAME = "$(TARGET_NAME)";
				TARGETED_DEVICE_FAMILY = 1;
				WRAPPER_EXTENSION = app;
			};
			name = Release;
		};
		8F777BE117CBC7550062870D /* Debug */ = {
			isa = XCBuildConfiguration;
			buildSettings = {
				FRAMEWORK_SEARCH_PATHS = (
					"\"$(SDKROOT)/Developer/Library/Frameworks\"",
					"\"$(DEVELOPER_LIBRARY_DIR)/Frameworks\"",
				);
				GCC_PRECOMPILE_PREFIX_HEADER = YES;
				GCC_PREFIX_HEADER = "hilfeApplicationTests/hilfeApplicationTests-Prefix.pch";
				INFOPLIST_FILE = "hilfeApplicationTests/hilfeApplicationTests-Info.plist";
				PRODUCT_NAME = "$(TARGET_NAME)";
				WRAPPER_EXTENSION = octest;
			};
			name = Debug;
		};
		8F777BE217CBC7550062870D /* Release */ = {
			isa = XCBuildConfiguration;
			buildSettings = {
				FRAMEWORK_SEARCH_PATHS = (
					"\"$(SDKROOT)/Developer/Library/Frameworks\"",
					"\"$(DEVELOPER_LIBRARY_DIR)/Frameworks\"",
				);
				GCC_PRECOMPILE_PREFIX_HEADER = YES;
				GCC_PREFIX_HEADER = "hilfeApplicationTests/hilfeApplicationTests-Prefix.pch";
				INFOPLIST_FILE = "hilfeApplicationTests/hilfeApplicationTests-Info.plist";
				PRODUCT_NAME = "$(TARGET_NAME)";
				WRAPPER_EXTENSION = octest;
			};
			name = Release;
		};
/* End XCBuildConfiguration section */

/* Begin XCConfigurationList section */
		8F26401817C7955800959E02 /* Build configuration list for PBXProject "hilfe" */ = {
			isa = XCConfigurationList;
			buildConfigurations = (
				8F26405917C7955900959E02 /* Debug */,
				8F26405A17C7955900959E02 /* Release */,
			);
			defaultConfigurationIsVisible = 0;
			defaultConfigurationName = Release;
		};
		8F26405B17C7955900959E02 /* Build configuration list for PBXNativeTarget "hilfe" */ = {
			isa = XCConfigurationList;
			buildConfigurations = (
				8F26405C17C7955900959E02 /* Debug */,
				8F26405D17C7955900959E02 /* Release */,
			);
			defaultConfigurationIsVisible = 0;
			defaultConfigurationName = Release;
		};
		8F777BE317CBC7550062870D /* Build configuration list for PBXNativeTarget "hilfeApplicationTests" */ = {
			isa = XCConfigurationList;
			buildConfigurations = (
				8F777BE117CBC7550062870D /* Debug */,
				8F777BE217CBC7550062870D /* Release */,
			);
			defaultConfigurationIsVisible = 0;
		};
/* End XCConfigurationList section */
	};
	rootObject = 8F26401517C7955800959E02 /* Project object */;
}
